// !$*UTF8*$!
{
	archiveVersion = 1;
	classes = {
	};
	objectVersion = 56;
	objects = {

/* Begin PBXBuildFile section */
		068DF8897E4C56C84C9F71D4 /* Pods_iosExercise_1_iosExercise_1UITests.framework in Frameworks */ = {isa = PBXBuildFile; fileRef = AB74A29547976A147B48E260 /* Pods_iosExercise_1_iosExercise_1UITests.framework */; };
		0F4CB656B083959FA86C9428 /* Pods_iosExercise_1.framework in Frameworks */ = {isa = PBXBuildFile; fileRef = ED3278F8757018B9C996FFA6 /* Pods_iosExercise_1.framework */; };
		223BB9ED2C0EC8890028B55C /* searchHistoryView.swift in Sources */ = {isa = PBXBuildFile; fileRef = 223BB9EB2C0EC8890028B55C /* searchHistoryView.swift */; };
		223BB9EE2C0EC8890028B55C /* searchHistoryView.xib in Resources */ = {isa = PBXBuildFile; fileRef = 223BB9EC2C0EC8890028B55C /* searchHistoryView.xib */; };
		223BB9F32C0EC90A0028B55C /* CustomTableViewCell.xib in Resources */ = {isa = PBXBuildFile; fileRef = 223BB9F12C0EC90A0028B55C /* CustomTableViewCell.xib */; };
		223BB9F42C0EC90A0028B55C /* CustomTableViewCell.swift in Sources */ = {isa = PBXBuildFile; fileRef = 223BB9F22C0EC90A0028B55C /* CustomTableViewCell.swift */; };
		223BB9F82C0EEF4F0028B55C /* SearchResultsView.swift in Sources */ = {isa = PBXBuildFile; fileRef = 223BB9F62C0EEF4F0028B55C /* SearchResultsView.swift */; };
		223BB9F92C0EEF4F0028B55C /* SearchResultsView.xib in Resources */ = {isa = PBXBuildFile; fileRef = 223BB9F72C0EEF4F0028B55C /* SearchResultsView.xib */; };
		223D35942C05827D0077D454 /* PopupViewController.swift in Sources */ = {isa = PBXBuildFile; fileRef = 223D35922C05827D0077D454 /* PopupViewController.swift */; };
		223D35952C05827D0077D454 /* PopupViewController.xib in Resources */ = {isa = PBXBuildFile; fileRef = 223D35932C05827D0077D454 /* PopupViewController.xib */; };
		223D35972C05BA050077D454 /* detailViewController.swift in Sources */ = {isa = PBXBuildFile; fileRef = 223D35962C05BA050077D454 /* detailViewController.swift */; };
		225C03192C03C67E005DA52F /* AppDelegate.swift in Sources */ = {isa = PBXBuildFile; fileRef = 225C03182C03C67E005DA52F /* AppDelegate.swift */; };
		225C031B2C03C67E005DA52F /* SceneDelegate.swift in Sources */ = {isa = PBXBuildFile; fileRef = 225C031A2C03C67E005DA52F /* SceneDelegate.swift */; };
		225C031D2C03C67E005DA52F /* ViewController.swift in Sources */ = {isa = PBXBuildFile; fileRef = 225C031C2C03C67E005DA52F /* ViewController.swift */; };
		225C03202C03C67E005DA52F /* Base in Resources */ = {isa = PBXBuildFile; fileRef = 225C031F2C03C67E005DA52F /* Base */; };
		225C03222C03C67F005DA52F /* Assets.xcassets in Resources */ = {isa = PBXBuildFile; fileRef = 225C03212C03C67F005DA52F /* Assets.xcassets */; };
		225C03252C03C67F005DA52F /* Base in Resources */ = {isa = PBXBuildFile; fileRef = 225C03242C03C67F005DA52F /* Base */; };
		225C03302C03C680005DA52F /* iosExercise_1Tests.swift in Sources */ = {isa = PBXBuildFile; fileRef = 225C032F2C03C680005DA52F /* iosExercise_1Tests.swift */; };
		225C033A2C03C680005DA52F /* iosExercise_1UITests.swift in Sources */ = {isa = PBXBuildFile; fileRef = 225C03392C03C680005DA52F /* iosExercise_1UITests.swift */; };
		225C033C2C03C680005DA52F /* iosExercise_1UITestsLaunchTests.swift in Sources */ = {isa = PBXBuildFile; fileRef = 225C033B2C03C680005DA52F /* iosExercise_1UITestsLaunchTests.swift */; };
		2263CC612C060D32000D4933 /* SliderViewController.swift in Sources */ = {isa = PBXBuildFile; fileRef = 2263CC602C060D32000D4933 /* SliderViewController.swift */; };
		22C4563C2C04C5060024E0D9 /* delegate_sam.swift in Sources */ = {isa = PBXBuildFile; fileRef = 22C4563B2C04C5060024E0D9 /* delegate_sam.swift */; };
		CF9F42440B58DC3AF6E01FBA /* Pods_iosExercise_1Tests.framework in Frameworks */ = {isa = PBXBuildFile; fileRef = F5F4DCD27A851590D13A0818 /* Pods_iosExercise_1Tests.framework */; };
/* End PBXBuildFile section */

/* Begin PBXContainerItemProxy section */
		225C032C2C03C680005DA52F /* PBXContainerItemProxy */ = {
			isa = PBXContainerItemProxy;
			containerPortal = 225C030D2C03C67E005DA52F /* Project object */;
			proxyType = 1;
			remoteGlobalIDString = 225C03142C03C67E005DA52F;
			remoteInfo = iosExercise_1;
		};
		225C03362C03C680005DA52F /* PBXContainerItemProxy */ = {
			isa = PBXContainerItemProxy;
			containerPortal = 225C030D2C03C67E005DA52F /* Project object */;
			proxyType = 1;
			remoteGlobalIDString = 225C03142C03C67E005DA52F;
			remoteInfo = iosExercise_1;
		};
/* End PBXContainerItemProxy section */

/* Begin PBXFileReference section */
		0525A5CC9C43E1E259900D70 /* Pods-iosExercise_1Tests.debug.xcconfig */ = {isa = PBXFileReference; includeInIndex = 1; lastKnownFileType = text.xcconfig; name = "Pods-iosExercise_1Tests.debug.xcconfig"; path = "Target Support Files/Pods-iosExercise_1Tests/Pods-iosExercise_1Tests.debug.xcconfig"; sourceTree = "<group>"; };
		223BB9EB2C0EC8890028B55C /* searchHistoryView.swift */ = {isa = PBXFileReference; fileEncoding = 4; lastKnownFileType = sourcecode.swift; path = searchHistoryView.swift; sourceTree = SOURCE_ROOT; };
		223BB9EC2C0EC8890028B55C /* searchHistoryView.xib */ = {isa = PBXFileReference; fileEncoding = 4; lastKnownFileType = file.xib; path = searchHistoryView.xib; sourceTree = SOURCE_ROOT; };
		223BB9F12C0EC90A0028B55C /* CustomTableViewCell.xib */ = {isa = PBXFileReference; fileEncoding = 4; lastKnownFileType = file.xib; path = CustomTableViewCell.xib; sourceTree = "<group>"; };
		223BB9F22C0EC90A0028B55C /* CustomTableViewCell.swift */ = {isa = PBXFileReference; fileEncoding = 4; lastKnownFileType = sourcecode.swift; path = CustomTableViewCell.swift; sourceTree = "<group>"; };
		223BB9F62C0EEF4F0028B55C /* SearchResultsView.swift */ = {isa = PBXFileReference; lastKnownFileType = sourcecode.swift; path = SearchResultsView.swift; sourceTree = "<group>"; };
		223BB9F72C0EEF4F0028B55C /* SearchResultsView.xib */ = {isa = PBXFileReference; lastKnownFileType = file.xib; path = SearchResultsView.xib; sourceTree = "<group>"; };
		223D35922C05827D0077D454 /* PopupViewController.swift */ = {isa = PBXFileReference; lastKnownFileType = sourcecode.swift; path = PopupViewController.swift; sourceTree = "<group>"; };
		223D35932C05827D0077D454 /* PopupViewController.xib */ = {isa = PBXFileReference; lastKnownFileType = file.xib; path = PopupViewController.xib; sourceTree = "<group>"; };
		223D35962C05BA050077D454 /* detailViewController.swift */ = {isa = PBXFileReference; lastKnownFileType = sourcecode.swift; path = detailViewController.swift; sourceTree = "<group>"; };
		225C03152C03C67E005DA52F /* iosExercise_1.app */ = {isa = PBXFileReference; explicitFileType = wrapper.application; includeInIndex = 0; path = iosExercise_1.app; sourceTree = BUILT_PRODUCTS_DIR; };
		225C03182C03C67E005DA52F /* AppDelegate.swift */ = {isa = PBXFileReference; lastKnownFileType = sourcecode.swift; path = AppDelegate.swift; sourceTree = "<group>"; };
		225C031A2C03C67E005DA52F /* SceneDelegate.swift */ = {isa = PBXFileReference; lastKnownFileType = sourcecode.swift; path = SceneDelegate.swift; sourceTree = "<group>"; };
		225C031C2C03C67E005DA52F /* ViewController.swift */ = {isa = PBXFileReference; lastKnownFileType = sourcecode.swift; path = ViewController.swift; sourceTree = "<group>"; };
		225C031F2C03C67E005DA52F /* Base */ = {isa = PBXFileReference; lastKnownFileType = file.storyboard; name = Base; path = Base.lproj/Main.storyboard; sourceTree = "<group>"; };
		225C03212C03C67F005DA52F /* Assets.xcassets */ = {isa = PBXFileReference; lastKnownFileType = folder.assetcatalog; path = Assets.xcassets; sourceTree = "<group>"; };
		225C03242C03C67F005DA52F /* Base */ = {isa = PBXFileReference; lastKnownFileType = file.storyboard; name = Base; path = Base.lproj/LaunchScreen.storyboard; sourceTree = "<group>"; };
		225C03262C03C67F005DA52F /* Info.plist */ = {isa = PBXFileReference; lastKnownFileType = text.plist.xml; path = Info.plist; sourceTree = "<group>"; };
		225C032B2C03C680005DA52F /* iosExercise_1Tests.xctest */ = {isa = PBXFileReference; explicitFileType = wrapper.cfbundle; includeInIndex = 0; path = iosExercise_1Tests.xctest; sourceTree = BUILT_PRODUCTS_DIR; };
		225C032F2C03C680005DA52F /* iosExercise_1Tests.swift */ = {isa = PBXFileReference; lastKnownFileType = sourcecode.swift; path = iosExercise_1Tests.swift; sourceTree = "<group>"; };
		225C03352C03C680005DA52F /* iosExercise_1UITests.xctest */ = {isa = PBXFileReference; explicitFileType = wrapper.cfbundle; includeInIndex = 0; path = iosExercise_1UITests.xctest; sourceTree = BUILT_PRODUCTS_DIR; };
		225C03392C03C680005DA52F /* iosExercise_1UITests.swift */ = {isa = PBXFileReference; lastKnownFileType = sourcecode.swift; path = iosExercise_1UITests.swift; sourceTree = "<group>"; };
		225C033B2C03C680005DA52F /* iosExercise_1UITestsLaunchTests.swift */ = {isa = PBXFileReference; lastKnownFileType = sourcecode.swift; path = iosExercise_1UITestsLaunchTests.swift; sourceTree = "<group>"; };
		2263CC602C060D32000D4933 /* SliderViewController.swift */ = {isa = PBXFileReference; lastKnownFileType = sourcecode.swift; path = SliderViewController.swift; sourceTree = "<group>"; };
		22C4563B2C04C5060024E0D9 /* delegate_sam.swift */ = {isa = PBXFileReference; lastKnownFileType = sourcecode.swift; path = delegate_sam.swift; sourceTree = "<group>"; };
		46D1F26E2B4419DE0890EBA6 /* Pods-iosExercise_1.release.xcconfig */ = {isa = PBXFileReference; includeInIndex = 1; lastKnownFileType = text.xcconfig; name = "Pods-iosExercise_1.release.xcconfig"; path = "Target Support Files/Pods-iosExercise_1/Pods-iosExercise_1.release.xcconfig"; sourceTree = "<group>"; };
		583819BC3E44626493DBE80F /* Pods-iosExercise_1-iosExercise_1UITests.debug.xcconfig */ = {isa = PBXFileReference; includeInIndex = 1; lastKnownFileType = text.xcconfig; name = "Pods-iosExercise_1-iosExercise_1UITests.debug.xcconfig"; path = "Target Support Files/Pods-iosExercise_1-iosExercise_1UITests/Pods-iosExercise_1-iosExercise_1UITests.debug.xcconfig"; sourceTree = "<group>"; };
		6D7AA3FD5E85528D4D0F9DA3 /* Pods-iosExercise_1-iosExercise_1UITests.release.xcconfig */ = {isa = PBXFileReference; includeInIndex = 1; lastKnownFileType = text.xcconfig; name = "Pods-iosExercise_1-iosExercise_1UITests.release.xcconfig"; path = "Target Support Files/Pods-iosExercise_1-iosExercise_1UITests/Pods-iosExercise_1-iosExercise_1UITests.release.xcconfig"; sourceTree = "<group>"; };
		6FD1F536323234D76DA177BA /* Pods-iosExercise_1.debug.xcconfig */ = {isa = PBXFileReference; includeInIndex = 1; lastKnownFileType = text.xcconfig; name = "Pods-iosExercise_1.debug.xcconfig"; path = "Target Support Files/Pods-iosExercise_1/Pods-iosExercise_1.debug.xcconfig"; sourceTree = "<group>"; };
		9A0E0045E920C2EDD4D37558 /* Pods-iosExercise_1Tests.release.xcconfig */ = {isa = PBXFileReference; includeInIndex = 1; lastKnownFileType = text.xcconfig; name = "Pods-iosExercise_1Tests.release.xcconfig"; path = "Target Support Files/Pods-iosExercise_1Tests/Pods-iosExercise_1Tests.release.xcconfig"; sourceTree = "<group>"; };
		AB74A29547976A147B48E260 /* Pods_iosExercise_1_iosExercise_1UITests.framework */ = {isa = PBXFileReference; explicitFileType = wrapper.framework; includeInIndex = 0; path = Pods_iosExercise_1_iosExercise_1UITests.framework; sourceTree = BUILT_PRODUCTS_DIR; };
		ED3278F8757018B9C996FFA6 /* Pods_iosExercise_1.framework */ = {isa = PBXFileReference; explicitFileType = wrapper.framework; includeInIndex = 0; path = Pods_iosExercise_1.framework; sourceTree = BUILT_PRODUCTS_DIR; };
		F5F4DCD27A851590D13A0818 /* Pods_iosExercise_1Tests.framework */ = {isa = PBXFileReference; explicitFileType = wrapper.framework; includeInIndex = 0; path = Pods_iosExercise_1Tests.framework; sourceTree = BUILT_PRODUCTS_DIR; };
/* End PBXFileReference section */

/* Begin PBXFrameworksBuildPhase section */
		225C03122C03C67E005DA52F /* Frameworks */ = {
			isa = PBXFrameworksBuildPhase;
			buildActionMask = 2147483647;
			files = (
				0F4CB656B083959FA86C9428 /* Pods_iosExercise_1.framework in Frameworks */,
			);
			runOnlyForDeploymentPostprocessing = 0;
		};
		225C03282C03C680005DA52F /* Frameworks */ = {
			isa = PBXFrameworksBuildPhase;
			buildActionMask = 2147483647;
			files = (
				CF9F42440B58DC3AF6E01FBA /* Pods_iosExercise_1Tests.framework in Frameworks */,
			);
			runOnlyForDeploymentPostprocessing = 0;
		};
		225C03322C03C680005DA52F /* Frameworks */ = {
			isa = PBXFrameworksBuildPhase;
			buildActionMask = 2147483647;
			files = (
				068DF8897E4C56C84C9F71D4 /* Pods_iosExercise_1_iosExercise_1UITests.framework in Frameworks */,
			);
			runOnlyForDeploymentPostprocessing = 0;
		};
/* End PBXFrameworksBuildPhase section */

/* Begin PBXGroup section */
		223BB9EF2C0EC8B70028B55C /* searchHistoryView */ = {
			isa = PBXGroup;
			children = (
				223BB9EB2C0EC8890028B55C /* searchHistoryView.swift */,
				223BB9EC2C0EC8890028B55C /* searchHistoryView.xib */,
			);
			name = searchHistoryView;
			path = ..;
			sourceTree = "<group>";
		};
		223BB9F02C0EC8EE0028B55C /* CustomTableViewCell */ = {
			isa = PBXGroup;
			children = (
				223BB9F22C0EC90A0028B55C /* CustomTableViewCell.swift */,
				223BB9F12C0EC90A0028B55C /* CustomTableViewCell.xib */,
			);
			name = CustomTableViewCell;
			path = ..;
			sourceTree = "<group>";
		};
		223BB9F52C0EEF200028B55C /* SearchResults */ = {
			isa = PBXGroup;
			children = (
				223BB9F62C0EEF4F0028B55C /* SearchResultsView.swift */,
				223BB9F72C0EEF4F0028B55C /* SearchResultsView.xib */,
			);
			name = SearchResults;
			path = ..;
			sourceTree = "<group>";
		};
		223D35912C0582450077D454 /* PopupView */ = {
			isa = PBXGroup;
			children = (
				223D35922C05827D0077D454 /* PopupViewController.swift */,
				223D35932C05827D0077D454 /* PopupViewController.xib */,
			);
			name = PopupView;
			sourceTree = "<group>";
		};
		225C030C2C03C67E005DA52F = {
			isa = PBXGroup;
			children = (
				225C03172C03C67E005DA52F /* iosExercise_1 */,
				225C032E2C03C680005DA52F /* iosExercise_1Tests */,
				225C03382C03C680005DA52F /* iosExercise_1UITests */,
				225C03162C03C67E005DA52F /* Products */,
				69EDCB2EE455C2A2E2A331EE /* Pods */,
				89BD2E08C418CE28C9029453 /* Frameworks */,
			);
			sourceTree = "<group>";
		};
		225C03162C03C67E005DA52F /* Products */ = {
			isa = PBXGroup;
			children = (
				225C03152C03C67E005DA52F /* iosExercise_1.app */,
				225C032B2C03C680005DA52F /* iosExercise_1Tests.xctest */,
				225C03352C03C680005DA52F /* iosExercise_1UITests.xctest */,
			);
			name = Products;
			sourceTree = "<group>";
		};
		225C03172C03C67E005DA52F /* iosExercise_1 */ = {
			isa = PBXGroup;
			children = (
				223BB9F02C0EC8EE0028B55C /* CustomTableViewCell */,
				223BB9EF2C0EC8B70028B55C /* searchHistoryView */,
				223D35912C0582450077D454 /* PopupView */,
				223BB9F52C0EEF200028B55C /* SearchResults */,
				225C03182C03C67E005DA52F /* AppDelegate.swift */,
				225C031A2C03C67E005DA52F /* SceneDelegate.swift */,
				225C031C2C03C67E005DA52F /* ViewController.swift */,
				223D35962C05BA050077D454 /* detailViewController.swift */,
				2263CC602C060D32000D4933 /* SliderViewController.swift */,
				22C4563B2C04C5060024E0D9 /* delegate_sam.swift */,
				225C031E2C03C67E005DA52F /* Main.storyboard */,
				225C03212C03C67F005DA52F /* Assets.xcassets */,
				225C03232C03C67F005DA52F /* LaunchScreen.storyboard */,
				225C03262C03C67F005DA52F /* Info.plist */,
			);
			path = iosExercise_1;
			sourceTree = "<group>";
		};
		225C032E2C03C680005DA52F /* iosExercise_1Tests */ = {
			isa = PBXGroup;
			children = (
				225C032F2C03C680005DA52F /* iosExercise_1Tests.swift */,
			);
			path = iosExercise_1Tests;
			sourceTree = "<group>";
		};
		225C03382C03C680005DA52F /* iosExercise_1UITests */ = {
			isa = PBXGroup;
			children = (
				225C03392C03C680005DA52F /* iosExercise_1UITests.swift */,
				225C033B2C03C680005DA52F /* iosExercise_1UITestsLaunchTests.swift */,
			);
			path = iosExercise_1UITests;
			sourceTree = "<group>";
		};
		69EDCB2EE455C2A2E2A331EE /* Pods */ = {
			isa = PBXGroup;
			children = (
				6FD1F536323234D76DA177BA /* Pods-iosExercise_1.debug.xcconfig */,
				46D1F26E2B4419DE0890EBA6 /* Pods-iosExercise_1.release.xcconfig */,
				583819BC3E44626493DBE80F /* Pods-iosExercise_1-iosExercise_1UITests.debug.xcconfig */,
				6D7AA3FD5E85528D4D0F9DA3 /* Pods-iosExercise_1-iosExercise_1UITests.release.xcconfig */,
				0525A5CC9C43E1E259900D70 /* Pods-iosExercise_1Tests.debug.xcconfig */,
				9A0E0045E920C2EDD4D37558 /* Pods-iosExercise_1Tests.release.xcconfig */,
			);
			path = Pods;
			sourceTree = "<group>";
		};
		89BD2E08C418CE28C9029453 /* Frameworks */ = {
			isa = PBXGroup;
			children = (
				ED3278F8757018B9C996FFA6 /* Pods_iosExercise_1.framework */,
				AB74A29547976A147B48E260 /* Pods_iosExercise_1_iosExercise_1UITests.framework */,
				F5F4DCD27A851590D13A0818 /* Pods_iosExercise_1Tests.framework */,
			);
			name = Frameworks;
			sourceTree = "<group>";
		};
/* End PBXGroup section */

/* Begin PBXNativeTarget section */
		225C03142C03C67E005DA52F /* iosExercise_1 */ = {
			isa = PBXNativeTarget;
			buildConfigurationList = 225C033F2C03C680005DA52F /* Build configuration list for PBXNativeTarget "iosExercise_1" */;
			buildPhases = (
				9171BE0CEE133064CCCA803B /* [CP] Check Pods Manifest.lock */,
				225C03112C03C67E005DA52F /* Sources */,
				225C03122C03C67E005DA52F /* Frameworks */,
				225C03132C03C67E005DA52F /* Resources */,
				7DC5C02BAE82E9207E67B3AC /* [CP] Embed Pods Frameworks */,
			);
			buildRules = (
			);
			dependencies = (
			);
			name = iosExercise_1;
			productName = iosExercise_1;
			productReference = 225C03152C03C67E005DA52F /* iosExercise_1.app */;
			productType = "com.apple.product-type.application";
		};
		225C032A2C03C680005DA52F /* iosExercise_1Tests */ = {
			isa = PBXNativeTarget;
			buildConfigurationList = 225C03422C03C680005DA52F /* Build configuration list for PBXNativeTarget "iosExercise_1Tests" */;
			buildPhases = (
				69CE5BA6880479FD9BF8DF87 /* [CP] Check Pods Manifest.lock */,
				225C03272C03C680005DA52F /* Sources */,
				225C03282C03C680005DA52F /* Frameworks */,
				225C03292C03C680005DA52F /* Resources */,
			);
			buildRules = (
			);
			dependencies = (
				225C032D2C03C680005DA52F /* PBXTargetDependency */,
			);
			name = iosExercise_1Tests;
			productName = iosExercise_1Tests;
			productReference = 225C032B2C03C680005DA52F /* iosExercise_1Tests.xctest */;
			productType = "com.apple.product-type.bundle.unit-test";
		};
		225C03342C03C680005DA52F /* iosExercise_1UITests */ = {
			isa = PBXNativeTarget;
			buildConfigurationList = 225C03452C03C680005DA52F /* Build configuration list for PBXNativeTarget "iosExercise_1UITests" */;
			buildPhases = (
				B91A7008B0A680527B451166 /* [CP] Check Pods Manifest.lock */,
				225C03312C03C680005DA52F /* Sources */,
				225C03322C03C680005DA52F /* Frameworks */,
				225C03332C03C680005DA52F /* Resources */,
				DBDB6C3AC54FE4729027E336 /* [CP] Embed Pods Frameworks */,
			);
			buildRules = (
			);
			dependencies = (
				225C03372C03C680005DA52F /* PBXTargetDependency */,
			);
			name = iosExercise_1UITests;
			productName = iosExercise_1UITests;
			productReference = 225C03352C03C680005DA52F /* iosExercise_1UITests.xctest */;
			productType = "com.apple.product-type.bundle.ui-testing";
		};
/* End PBXNativeTarget section */

/* Begin PBXProject section */
		225C030D2C03C67E005DA52F /* Project object */ = {
			isa = PBXProject;
			attributes = {
				BuildIndependentTargetsInParallel = 1;
				LastSwiftUpdateCheck = 1530;
				LastUpgradeCheck = 1530;
				TargetAttributes = {
					225C03142C03C67E005DA52F = {
						CreatedOnToolsVersion = 15.3;
					};
					225C032A2C03C680005DA52F = {
						CreatedOnToolsVersion = 15.3;
						TestTargetID = 225C03142C03C67E005DA52F;
					};
					225C03342C03C680005DA52F = {
						CreatedOnToolsVersion = 15.3;
						TestTargetID = 225C03142C03C67E005DA52F;
					};
				};
			};
			buildConfigurationList = 225C03102C03C67E005DA52F /* Build configuration list for PBXProject "iosExercise_1" */;
			compatibilityVersion = "Xcode 14.0";
			developmentRegion = en;
			hasScannedForEncodings = 0;
			knownRegions = (
				en,
				Base,
			);
			mainGroup = 225C030C2C03C67E005DA52F;
			productRefGroup = 225C03162C03C67E005DA52F /* Products */;
			projectDirPath = "";
			projectRoot = "";
			targets = (
				225C03142C03C67E005DA52F /* iosExercise_1 */,
				225C032A2C03C680005DA52F /* iosExercise_1Tests */,
				225C03342C03C680005DA52F /* iosExercise_1UITests */,
			);
		};
/* End PBXProject section */

/* Begin PBXResourcesBuildPhase section */
		225C03132C03C67E005DA52F /* Resources */ = {
			isa = PBXResourcesBuildPhase;
			buildActionMask = 2147483647;
			files = (
				223BB9F92C0EEF4F0028B55C /* SearchResultsView.xib in Resources */,
				225C03222C03C67F005DA52F /* Assets.xcassets in Resources */,
				225C03252C03C67F005DA52F /* Base in Resources */,
				223BB9F32C0EC90A0028B55C /* CustomTableViewCell.xib in Resources */,
				225C03202C03C67E005DA52F /* Base in Resources */,
				223D35952C05827D0077D454 /* PopupViewController.xib in Resources */,
				223BB9EE2C0EC8890028B55C /* searchHistoryView.xib in Resources */,
			);
			runOnlyForDeploymentPostprocessing = 0;
		};
		225C03292C03C680005DA52F /* Resources */ = {
			isa = PBXResourcesBuildPhase;
			buildActionMask = 2147483647;
			files = (
			);
			runOnlyForDeploymentPostprocessing = 0;
		};
		225C03332C03C680005DA52F /* Resources */ = {
			isa = PBXResourcesBuildPhase;
			buildActionMask = 2147483647;
			files = (
			);
			runOnlyForDeploymentPostprocessing = 0;
		};
/* End PBXResourcesBuildPhase section */

/* Begin PBXShellScriptBuildPhase section */
		69CE5BA6880479FD9BF8DF87 /* [CP] Check Pods Manifest.lock */ = {
			isa = PBXShellScriptBuildPhase;
			buildActionMask = 2147483647;
			files = (
			);
			inputFileListPaths = (
			);
			inputPaths = (
				"${PODS_PODFILE_DIR_PATH}/Podfile.lock",
				"${PODS_ROOT}/Manifest.lock",
			);
			name = "[CP] Check Pods Manifest.lock";
			outputFileListPaths = (
			);
			outputPaths = (
				"$(DERIVED_FILE_DIR)/Pods-iosExercise_1Tests-checkManifestLockResult.txt",
			);
			runOnlyForDeploymentPostprocessing = 0;
			shellPath = /bin/sh;
			shellScript = "diff \"${PODS_PODFILE_DIR_PATH}/Podfile.lock\" \"${PODS_ROOT}/Manifest.lock\" > /dev/null\nif [ $? != 0 ] ; then\n    # print error to STDERR\n    echo \"error: The sandbox is not in sync with the Podfile.lock. Run 'pod install' or update your CocoaPods installation.\" >&2\n    exit 1\nfi\n# This output is used by Xcode 'outputs' to avoid re-running this script phase.\necho \"SUCCESS\" > \"${SCRIPT_OUTPUT_FILE_0}\"\n";
			showEnvVarsInLog = 0;
		};
		7DC5C02BAE82E9207E67B3AC /* [CP] Embed Pods Frameworks */ = {
			isa = PBXShellScriptBuildPhase;
			buildActionMask = 2147483647;
			files = (
			);
			inputFileListPaths = (
				"${PODS_ROOT}/Target Support Files/Pods-iosExercise_1/Pods-iosExercise_1-frameworks-${CONFIGURATION}-input-files.xcfilelist",
			);
			name = "[CP] Embed Pods Frameworks";
			outputFileListPaths = (
				"${PODS_ROOT}/Target Support Files/Pods-iosExercise_1/Pods-iosExercise_1-frameworks-${CONFIGURATION}-output-files.xcfilelist",
			);
			runOnlyForDeploymentPostprocessing = 0;
			shellPath = /bin/sh;
			shellScript = "\"${PODS_ROOT}/Target Support Files/Pods-iosExercise_1/Pods-iosExercise_1-frameworks.sh\"\n";
			showEnvVarsInLog = 0;
		};
		9171BE0CEE133064CCCA803B /* [CP] Check Pods Manifest.lock */ = {
			isa = PBXShellScriptBuildPhase;
			buildActionMask = 2147483647;
			files = (
			);
			inputFileListPaths = (
			);
			inputPaths = (
				"${PODS_PODFILE_DIR_PATH}/Podfile.lock",
				"${PODS_ROOT}/Manifest.lock",
			);
			name = "[CP] Check Pods Manifest.lock";
			outputFileListPaths = (
			);
			outputPaths = (
				"$(DERIVED_FILE_DIR)/Pods-iosExercise_1-checkManifestLockResult.txt",
			);
			runOnlyForDeploymentPostprocessing = 0;
			shellPath = /bin/sh;
			shellScript = "diff \"${PODS_PODFILE_DIR_PATH}/Podfile.lock\" \"${PODS_ROOT}/Manifest.lock\" > /dev/null\nif [ $? != 0 ] ; then\n    # print error to STDERR\n    echo \"error: The sandbox is not in sync with the Podfile.lock. Run 'pod install' or update your CocoaPods installation.\" >&2\n    exit 1\nfi\n# This output is used by Xcode 'outputs' to avoid re-running this script phase.\necho \"SUCCESS\" > \"${SCRIPT_OUTPUT_FILE_0}\"\n";
			showEnvVarsInLog = 0;
		};
		B91A7008B0A680527B451166 /* [CP] Check Pods Manifest.lock */ = {
			isa = PBXShellScriptBuildPhase;
			buildActionMask = 2147483647;
			files = (
			);
			inputFileListPaths = (
			);
			inputPaths = (
				"${PODS_PODFILE_DIR_PATH}/Podfile.lock",
				"${PODS_ROOT}/Manifest.lock",
			);
			name = "[CP] Check Pods Manifest.lock";
			outputFileListPaths = (
			);
			outputPaths = (
				"$(DERIVED_FILE_DIR)/Pods-iosExercise_1-iosExercise_1UITests-checkManifestLockResult.txt",
			);
			runOnlyForDeploymentPostprocessing = 0;
			shellPath = /bin/sh;
			shellScript = "diff \"${PODS_PODFILE_DIR_PATH}/Podfile.lock\" \"${PODS_ROOT}/Manifest.lock\" > /dev/null\nif [ $? != 0 ] ; then\n    # print error to STDERR\n    echo \"error: The sandbox is not in sync with the Podfile.lock. Run 'pod install' or update your CocoaPods installation.\" >&2\n    exit 1\nfi\n# This output is used by Xcode 'outputs' to avoid re-running this script phase.\necho \"SUCCESS\" > \"${SCRIPT_OUTPUT_FILE_0}\"\n";
			showEnvVarsInLog = 0;
		};
		DBDB6C3AC54FE4729027E336 /* [CP] Embed Pods Frameworks */ = {
			isa = PBXShellScriptBuildPhase;
			buildActionMask = 2147483647;
			files = (
			);
			inputFileListPaths = (
				"${PODS_ROOT}/Target Support Files/Pods-iosExercise_1-iosExercise_1UITests/Pods-iosExercise_1-iosExercise_1UITests-frameworks-${CONFIGURATION}-input-files.xcfilelist",
			);
			name = "[CP] Embed Pods Frameworks";
			outputFileListPaths = (
				"${PODS_ROOT}/Target Support Files/Pods-iosExercise_1-iosExercise_1UITests/Pods-iosExercise_1-iosExercise_1UITests-frameworks-${CONFIGURATION}-output-files.xcfilelist",
			);
			runOnlyForDeploymentPostprocessing = 0;
			shellPath = /bin/sh;
			shellScript = "\"${PODS_ROOT}/Target Support Files/Pods-iosExercise_1-iosExercise_1UITests/Pods-iosExercise_1-iosExercise_1UITests-frameworks.sh\"\n";
			showEnvVarsInLog = 0;
		};
/* End PBXShellScriptBuildPhase section */

/* Begin PBXSourcesBuildPhase section */
		225C03112C03C67E005DA52F /* Sources */ = {
			isa = PBXSourcesBuildPhase;
			buildActionMask = 2147483647;
			files = (
				225C031D2C03C67E005DA52F /* ViewController.swift in Sources */,
				223BB9ED2C0EC8890028B55C /* searchHistoryView.swift in Sources */,
				22C4563C2C04C5060024E0D9 /* delegate_sam.swift in Sources */,
				225C03192C03C67E005DA52F /* AppDelegate.swift in Sources */,
				225C031B2C03C67E005DA52F /* SceneDelegate.swift in Sources */,
				223BB9F42C0EC90A0028B55C /* CustomTableViewCell.swift in Sources */,
				223D35972C05BA050077D454 /* detailViewController.swift in Sources */,
				223BB9F82C0EEF4F0028B55C /* SearchResultsView.swift in Sources */,
				223D35942C05827D0077D454 /* PopupViewController.swift in Sources */,
				2263CC612C060D32000D4933 /* SliderViewController.swift in Sources */,
			);
			runOnlyForDeploymentPostprocessing = 0;
		};
		225C03272C03C680005DA52F /* Sources */ = {
			isa = PBXSourcesBuildPhase;
			buildActionMask = 2147483647;
			files = (
				225C03302C03C680005DA52F /* iosExercise_1Tests.swift in Sources */,
			);
			runOnlyForDeploymentPostprocessing = 0;
		};
		225C03312C03C680005DA52F /* Sources */ = {
			isa = PBXSourcesBuildPhase;
			buildActionMask = 2147483647;
			files = (
				225C033C2C03C680005DA52F /* iosExercise_1UITestsLaunchTests.swift in Sources */,
				225C033A2C03C680005DA52F /* iosExercise_1UITests.swift in Sources */,
			);
			runOnlyForDeploymentPostprocessing = 0;
		};
/* End PBXSourcesBuildPhase section */

/* Begin PBXTargetDependency section */
		225C032D2C03C680005DA52F /* PBXTargetDependency */ = {
			isa = PBXTargetDependency;
			target = 225C03142C03C67E005DA52F /* iosExercise_1 */;
			targetProxy = 225C032C2C03C680005DA52F /* PBXContainerItemProxy */;
		};
		225C03372C03C680005DA52F /* PBXTargetDependency */ = {
			isa = PBXTargetDependency;
			target = 225C03142C03C67E005DA52F /* iosExercise_1 */;
			targetProxy = 225C03362C03C680005DA52F /* PBXContainerItemProxy */;
		};
/* End PBXTargetDependency section */

/* Begin PBXVariantGroup section */
		225C031E2C03C67E005DA52F /* Main.storyboard */ = {
			isa = PBXVariantGroup;
			children = (
				225C031F2C03C67E005DA52F /* Base */,
			);
			name = Main.storyboard;
			sourceTree = "<group>";
		};
		225C03232C03C67F005DA52F /* LaunchScreen.storyboard */ = {
			isa = PBXVariantGroup;
			children = (
				225C03242C03C67F005DA52F /* Base */,
			);
			name = LaunchScreen.storyboard;
			sourceTree = "<group>";
		};
/* End PBXVariantGroup section */

/* Begin XCBuildConfiguration section */
		225C033D2C03C680005DA52F /* Debug */ = {
			isa = XCBuildConfiguration;
			buildSettings = {
				ALWAYS_SEARCH_USER_PATHS = NO;
				ASSETCATALOG_COMPILER_GENERATE_SWIFT_ASSET_SYMBOL_EXTENSIONS = YES;
				CLANG_ANALYZER_NONNULL = YES;
				CLANG_ANALYZER_NUMBER_OBJECT_CONVERSION = YES_AGGRESSIVE;
				CLANG_CXX_LANGUAGE_STANDARD = "gnu++20";
				CLANG_ENABLE_MODULES = YES;
				CLANG_ENABLE_OBJC_ARC = YES;
				CLANG_ENABLE_OBJC_WEAK = YES;
				CLANG_WARN_BLOCK_CAPTURE_AUTORELEASING = YES;
				CLANG_WARN_BOOL_CONVERSION = YES;
				CLANG_WARN_COMMA = YES;
				CLANG_WARN_CONSTANT_CONVERSION = YES;
				CLANG_WARN_DEPRECATED_OBJC_IMPLEMENTATIONS = YES;
				CLANG_WARN_DIRECT_OBJC_ISA_USAGE = YES_ERROR;
				CLANG_WARN_DOCUMENTATION_COMMENTS = YES;
				CLANG_WARN_EMPTY_BODY = YES;
				CLANG_WARN_ENUM_CONVERSION = YES;
				CLANG_WARN_INFINITE_RECURSION = YES;
				CLANG_WARN_INT_CONVERSION = YES;
				CLANG_WARN_NON_LITERAL_NULL_CONVERSION = YES;
				CLANG_WARN_OBJC_IMPLICIT_RETAIN_SELF = YES;
				CLANG_WARN_OBJC_LITERAL_CONVERSION = YES;
				CLANG_WARN_OBJC_ROOT_CLASS = YES_ERROR;
				CLANG_WARN_QUOTED_INCLUDE_IN_FRAMEWORK_HEADER = YES;
				CLANG_WARN_RANGE_LOOP_ANALYSIS = YES;
				CLANG_WARN_STRICT_PROTOTYPES = YES;
				CLANG_WARN_SUSPICIOUS_MOVE = YES;
				CLANG_WARN_UNGUARDED_AVAILABILITY = YES_AGGRESSIVE;
				CLANG_WARN_UNREACHABLE_CODE = YES;
				CLANG_WARN__DUPLICATE_METHOD_MATCH = YES;
				COPY_PHASE_STRIP = NO;
				DEBUG_INFORMATION_FORMAT = dwarf;
				ENABLE_STRICT_OBJC_MSGSEND = YES;
				ENABLE_TESTABILITY = YES;
				ENABLE_USER_SCRIPT_SANDBOXING = NO;
				GCC_C_LANGUAGE_STANDARD = gnu17;
				GCC_DYNAMIC_NO_PIC = NO;
				GCC_NO_COMMON_BLOCKS = YES;
				GCC_OPTIMIZATION_LEVEL = 0;
				GCC_PREPROCESSOR_DEFINITIONS = (
					"DEBUG=1",
					"$(inherited)",
				);
				GCC_WARN_64_TO_32_BIT_CONVERSION = YES;
				GCC_WARN_ABOUT_RETURN_TYPE = YES_ERROR;
				GCC_WARN_UNDECLARED_SELECTOR = YES;
				GCC_WARN_UNINITIALIZED_AUTOS = YES_AGGRESSIVE;
				GCC_WARN_UNUSED_FUNCTION = YES;
				GCC_WARN_UNUSED_VARIABLE = YES;
				IPHONEOS_DEPLOYMENT_TARGET = 17.4;
				LOCALIZATION_PREFERS_STRING_CATALOGS = YES;
				MTL_ENABLE_DEBUG_INFO = INCLUDE_SOURCE;
				MTL_FAST_MATH = YES;
				ONLY_ACTIVE_ARCH = YES;
				SDKROOT = iphoneos;
				SWIFT_ACTIVE_COMPILATION_CONDITIONS = "DEBUG $(inherited)";
				SWIFT_OPTIMIZATION_LEVEL = "-Onone";
			};
			name = Debug;
		};
		225C033E2C03C680005DA52F /* Release */ = {
			isa = XCBuildConfiguration;
			buildSettings = {
				ALWAYS_SEARCH_USER_PATHS = NO;
				ASSETCATALOG_COMPILER_GENERATE_SWIFT_ASSET_SYMBOL_EXTENSIONS = YES;
				CLANG_ANALYZER_NONNULL = YES;
				CLANG_ANALYZER_NUMBER_OBJECT_CONVERSION = YES_AGGRESSIVE;
				CLANG_CXX_LANGUAGE_STANDARD = "gnu++20";
				CLANG_ENABLE_MODULES = YES;
				CLANG_ENABLE_OBJC_ARC = YES;
				CLANG_ENABLE_OBJC_WEAK = YES;
				CLANG_WARN_BLOCK_CAPTURE_AUTORELEASING = YES;
				CLANG_WARN_BOOL_CONVERSION = YES;
				CLANG_WARN_COMMA = YES;
				CLANG_WARN_CONSTANT_CONVERSION = YES;
				CLANG_WARN_DEPRECATED_OBJC_IMPLEMENTATIONS = YES;
				CLANG_WARN_DIRECT_OBJC_ISA_USAGE = YES_ERROR;
				CLANG_WARN_DOCUMENTATION_COMMENTS = YES;
				CLANG_WARN_EMPTY_BODY = YES;
				CLANG_WARN_ENUM_CONVERSION = YES;
				CLANG_WARN_INFINITE_RECURSION = YES;
				CLANG_WARN_INT_CONVERSION = YES;
				CLANG_WARN_NON_LITERAL_NULL_CONVERSION = YES;
				CLANG_WARN_OBJC_IMPLICIT_RETAIN_SELF = YES;
				CLANG_WARN_OBJC_LITERAL_CONVERSION = YES;
				CLANG_WARN_OBJC_ROOT_CLASS = YES_ERROR;
				CLANG_WARN_QUOTED_INCLUDE_IN_FRAMEWORK_HEADER = YES;
				CLANG_WARN_RANGE_LOOP_ANALYSIS = YES;
				CLANG_WARN_STRICT_PROTOTYPES = YES;
				CLANG_WARN_SUSPICIOUS_MOVE = YES;
				CLANG_WARN_UNGUARDED_AVAILABILITY = YES_AGGRESSIVE;
				CLANG_WARN_UNREACHABLE_CODE = YES;
				CLANG_WARN__DUPLICATE_METHOD_MATCH = YES;
				COPY_PHASE_STRIP = NO;
				DEBUG_INFORMATION_FORMAT = "dwarf-with-dsym";
				ENABLE_NS_ASSERTIONS = NO;
				ENABLE_STRICT_OBJC_MSGSEND = YES;
				ENABLE_USER_SCRIPT_SANDBOXING = NO;
				GCC_C_LANGUAGE_STANDARD = gnu17;
				GCC_NO_COMMON_BLOCKS = YES;
				GCC_WARN_64_TO_32_BIT_CONVERSION = YES;
				GCC_WARN_ABOUT_RETURN_TYPE = YES_ERROR;
				GCC_WARN_UNDECLARED_SELECTOR = YES;
				GCC_WARN_UNINITIALIZED_AUTOS = YES_AGGRESSIVE;
				GCC_WARN_UNUSED_FUNCTION = YES;
				GCC_WARN_UNUSED_VARIABLE = YES;
				IPHONEOS_DEPLOYMENT_TARGET = 17.4;
				LOCALIZATION_PREFERS_STRING_CATALOGS = YES;
				MTL_ENABLE_DEBUG_INFO = NO;
				MTL_FAST_MATH = YES;
				SDKROOT = iphoneos;
				SWIFT_COMPILATION_MODE = wholemodule;
				VALIDATE_PRODUCT = YES;
			};
			name = Release;
		};
		225C03402C03C680005DA52F /* Debug */ = {
			isa = XCBuildConfiguration;
			baseConfigurationReference = 6FD1F536323234D76DA177BA /* Pods-iosExercise_1.debug.xcconfig */;
			buildSettings = {
				ASSETCATALOG_COMPILER_APPICON_NAME = AppIcon;
				ASSETCATALOG_COMPILER_GLOBAL_ACCENT_COLOR_NAME = AccentColor;
				CODE_SIGN_STYLE = Automatic;
				CURRENT_PROJECT_VERSION = 1;
				GENERATE_INFOPLIST_FILE = YES;
				INFOPLIST_FILE = iosExercise_1/Info.plist;
				INFOPLIST_KEY_UIApplicationSupportsIndirectInputEvents = YES;
				INFOPLIST_KEY_UILaunchStoryboardName = LaunchScreen;
				INFOPLIST_KEY_UIMainStoryboardFile = Main;
				INFOPLIST_KEY_UISupportedInterfaceOrientations_iPad = "UIInterfaceOrientationPortrait UIInterfaceOrientationPortraitUpsideDown UIInterfaceOrientationLandscapeLeft UIInterfaceOrientationLandscapeRight";
				INFOPLIST_KEY_UISupportedInterfaceOrientations_iPhone = "UIInterfaceOrientationPortrait UIInterfaceOrientationLandscapeLeft UIInterfaceOrientationLandscapeRight";
				LD_RUNPATH_SEARCH_PATHS = (
					"$(inherited)",
					"@executable_path/Frameworks",
				);
				MARKETING_VERSION = 1.0;
				PRODUCT_BUNDLE_IDENTIFIER = "sam.iosExercise-1";
				PRODUCT_NAME = "$(TARGET_NAME)";
				SWIFT_EMIT_LOC_STRINGS = YES;
				SWIFT_VERSION = 5.0;
				TARGETED_DEVICE_FAMILY = "1,2";
			};
			name = Debug;
		};
		225C03412C03C680005DA52F /* Release */ = {
			isa = XCBuildConfiguration;
			baseConfigurationReference = 46D1F26E2B4419DE0890EBA6 /* Pods-iosExercise_1.release.xcconfig */;
			buildSettings = {
				ASSETCATALOG_COMPILER_APPICON_NAME = AppIcon;
				ASSETCATALOG_COMPILER_GLOBAL_ACCENT_COLOR_NAME = AccentColor;
				CODE_SIGN_STYLE = Automatic;
				CURRENT_PROJECT_VERSION = 1;
				GENERATE_INFOPLIST_FILE = YES;
				INFOPLIST_FILE = iosExercise_1/Info.plist;
				INFOPLIST_KEY_UIApplicationSupportsIndirectInputEvents = YES;
				INFOPLIST_KEY_UILaunchStoryboardName = LaunchScreen;
				INFOPLIST_KEY_UIMainStoryboardFile = Main;
				INFOPLIST_KEY_UISupportedInterfaceOrientations_iPad = "UIInterfaceOrientationPortrait UIInterfaceOrientationPortraitUpsideDown UIInterfaceOrientationLandscapeLeft UIInterfaceOrientationLandscapeRight";
				INFOPLIST_KEY_UISupportedInterfaceOrientations_iPhone = "UIInterfaceOrientationPortrait UIInterfaceOrientationLandscapeLeft UIInterfaceOrientationLandscapeRight";
				LD_RUNPATH_SEARCH_PATHS = (
					"$(inherited)",
					"@executable_path/Frameworks",
				);
				MARKETING_VERSION = 1.0;
				PRODUCT_BUNDLE_IDENTIFIER = "sam.iosExercise-1";
				PRODUCT_NAME = "$(TARGET_NAME)";
				SWIFT_EMIT_LOC_STRINGS = YES;
				SWIFT_VERSION = 5.0;
				TARGETED_DEVICE_FAMILY = "1,2";
			};
			name = Release;
		};
		225C03432C03C680005DA52F /* Debug */ = {
			isa = XCBuildConfiguration;
			baseConfigurationReference = 0525A5CC9C43E1E259900D70 /* Pods-iosExercise_1Tests.debug.xcconfig */;
			buildSettings = {
				ALWAYS_EMBED_SWIFT_STANDARD_LIBRARIES = YES;
				BUNDLE_LOADER = "$(TEST_HOST)";
				CODE_SIGN_STYLE = Automatic;
				CURRENT_PROJECT_VERSION = 1;
				GENERATE_INFOPLIST_FILE = YES;
				IPHONEOS_DEPLOYMENT_TARGET = 17.4;
				MARKETING_VERSION = 1.0;
				PRODUCT_BUNDLE_IDENTIFIER = "sam.iosExercise-1Tests";
				PRODUCT_NAME = "$(TARGET_NAME)";
				SWIFT_EMIT_LOC_STRINGS = NO;
				SWIFT_VERSION = 5.0;
				TARGETED_DEVICE_FAMILY = "1,2";
				TEST_HOST = "$(BUILT_PRODUCTS_DIR)/iosExercise_1.app/$(BUNDLE_EXECUTABLE_FOLDER_PATH)/iosExercise_1";
			};
			name = Debug;
		};
		225C03442C03C680005DA52F /* Release */ = {
			isa = XCBuildConfiguration;
			baseConfigurationReference = 9A0E0045E920C2EDD4D37558 /* Pods-iosExercise_1Tests.release.xcconfig */;
			buildSettings = {
				ALWAYS_EMBED_SWIFT_STANDARD_LIBRARIES = YES;
				BUNDLE_LOADER = "$(TEST_HOST)";
				CODE_SIGN_STYLE = Automatic;
				CURRENT_PROJECT_VERSION = 1;
				GENERATE_INFOPLIST_FILE = YES;
				IPHONEOS_DEPLOYMENT_TARGET = 17.4;
				MARKETING_VERSION = 1.0;
				PRODUCT_BUNDLE_IDENTIFIER = "sam.iosExercise-1Tests";
				PRODUCT_NAME = "$(TARGET_NAME)";
				SWIFT_EMIT_LOC_STRINGS = NO;
				SWIFT_VERSION = 5.0;
				TARGETED_DEVICE_FAMILY = "1,2";
				TEST_HOST = "$(BUILT_PRODUCTS_DIR)/iosExercise_1.app/$(BUNDLE_EXECUTABLE_FOLDER_PATH)/iosExercise_1";
			};
			name = Release;
		};
		225C03462C03C680005DA52F /* Debug */ = {
			isa = XCBuildConfiguration;
			baseConfigurationReference = 583819BC3E44626493DBE80F /* Pods-iosExercise_1-iosExercise_1UITests.debug.xcconfig */;
			buildSettings = {
				ALWAYS_EMBED_SWIFT_STANDARD_LIBRARIES = YES;
				CODE_SIGN_STYLE = Automatic;
				CURRENT_PROJECT_VERSION = 1;
				GENERATE_INFOPLIST_FILE = YES;
				MARKETING_VERSION = 1.0;
				PRODUCT_BUNDLE_IDENTIFIER = "sam.iosExercise-1UITests";
				PRODUCT_NAME = "$(TARGET_NAME)";
				SWIFT_EMIT_LOC_STRINGS = NO;
				SWIFT_VERSION = 5.0;
				TARGETED_DEVICE_FAMILY = "1,2";
				TEST_TARGET_NAME = iosExercise_1;
			};
			name = Debug;
		};
		225C03472C03C680005DA52F /* Release */ = {
			isa = XCBuildConfiguration;
			baseConfigurationReference = 6D7AA3FD5E85528D4D0F9DA3 /* Pods-iosExercise_1-iosExercise_1UITests.release.xcconfig */;
			buildSettings = {
				ALWAYS_EMBED_SWIFT_STANDARD_LIBRARIES = YES;
				CODE_SIGN_STYLE = Automatic;
				CURRENT_PROJECT_VERSION = 1;
				GENERATE_INFOPLIST_FILE = YES;
				MARKETING_VERSION = 1.0;
				PRODUCT_BUNDLE_IDENTIFIER = "sam.iosExercise-1UITests";
				PRODUCT_NAME = "$(TARGET_NAME)";
				SWIFT_EMIT_LOC_STRINGS = NO;
				SWIFT_VERSION = 5.0;
				TARGETED_DEVICE_FAMILY = "1,2";
				TEST_TARGET_NAME = iosExercise_1;
			};
			name = Release;
		};
/* End XCBuildConfiguration section */

/* Begin XCConfigurationList section */
		225C03102C03C67E005DA52F /* Build configuration list for PBXProject "iosExercise_1" */ = {
			isa = XCConfigurationList;
			buildConfigurations = (
				225C033D2C03C680005DA52F /* Debug */,
				225C033E2C03C680005DA52F /* Release */,
			);
			defaultConfigurationIsVisible = 0;
			defaultConfigurationName = Release;
		};
		225C033F2C03C680005DA52F /* Build configuration list for PBXNativeTarget "iosExercise_1" */ = {
			isa = XCConfigurationList;
			buildConfigurations = (
				225C03402C03C680005DA52F /* Debug */,
				225C03412C03C680005DA52F /* Release */,
			);
			defaultConfigurationIsVisible = 0;
			defaultConfigurationName = Release;
		};
		225C03422C03C680005DA52F /* Build configuration list for PBXNativeTarget "iosExercise_1Tests" */ = {
			isa = XCConfigurationList;
			buildConfigurations = (
				225C03432C03C680005DA52F /* Debug */,
				225C03442C03C680005DA52F /* Release */,
			);
			defaultConfigurationIsVisible = 0;
			defaultConfigurationName = Release;
		};
		225C03452C03C680005DA52F /* Build configuration list for PBXNativeTarget "iosExercise_1UITests" */ = {
			isa = XCConfigurationList;
			buildConfigurations = (
				225C03462C03C680005DA52F /* Debug */,
				225C03472C03C680005DA52F /* Release */,
			);
			defaultConfigurationIsVisible = 0;
			defaultConfigurationName = Release;
		};
/* End XCConfigurationList section */
	};
	rootObject = 225C030D2C03C67E005DA52F /* Project object */;
}
